
Microsoft Visual Studio Solution File, Format Version 12.00
# Visual Studio Version 17
VisualStudioVersion = 17.6.33717.318
MinimumVisualStudioVersion = 10.0.40219.1
Project("{8BC9CEB8-8B4A-11D0-8D11-00A0C91BC942}") = "Aof", "DriverExamples\Aof\Aof.vcxproj", "{FABF737D-D0CA-447B-8729-922E02566FBE}"
EndProject
Project("{8BC9CEB8-8B4A-11D0-8D11-00A0C91BC942}") = "BatchDC", "DriverExamples\BatchDC\BatchDC.vcxproj", "{B15F644B-C437-457B-8EC9-B7F472A1D276}"
EndProject
Project("{8BC9CEB8-8B4A-11D0-8D11-00A0C91BC942}") = "Coco", "DriverExamples\Coco\Coco.vcxproj", "{BDA19FFA-EC53-4867-87C7-B9D62A9EB9B0}"
EndProject
Project("{8BC9CEB8-8B4A-11D0-8D11-00A0C91BC942}") = "Combo", "DriverExamples\Combo\Combo.vcxproj", "{446FC5E7-24CB-4D8F-8AAF-729F786E0F41}"
EndProject
Project("{8BC9CEB8-8B4A-11D0-8D11-00A0C91BC942}") = "ElComp", "DriverExamples\ElComp\ElComp.vcxproj", "{75DF7795-1372-479D-B4FC-FADA94597DF1}"
EndProject
Project("{8BC9CEB8-8B4A-11D0-8D11-00A0C91BC942}") = "ExtEphem", "DriverExamples\ExtEphem\ExtEphem.vcxproj", "{A4E20011-FB9F-49F7-88FC-7A95EEC8797A}"
EndProject
Project("{8BC9CEB8-8B4A-11D0-8D11-00A0C91BC942}") = "Fov", "DriverExamples\Fov\Fov.vcxproj", "{CD379514-FC56-455B-BA02-A4A3E1CAAE58}"
EndProject
Project("{8BC9CEB8-8B4A-11D0-8D11-00A0C91BC942}") = "GenEphFile", "DriverExamples\GenEphFile\GenEphFile.vcxproj", "{A3925094-1280-4AD2-9C44-327919AF0719}"
EndProject
Project("{8BC9CEB8-8B4A-11D0-8D11-00A0C91BC942}") = "Iomod", "DriverExamples\Iomod\Iomod.vcxproj", "{C12ACC52-A61E-47E7-ADFC-DDCE1F76A09D}"
EndProject
Project("{8BC9CEB8-8B4A-11D0-8D11-00A0C91BC942}") = "Iomod_IDS", "DriverExamples\Iomod_IDS\Iomod_IDS.vcxproj", "{520ECE9A-5700-409A-8EBD-78F3F116C2F6}"
EndProject
Project("{8BC9CEB8-8B4A-11D0-8D11-00A0C91BC942}") = "Lamod", "DriverExamples\Lamod\Lamod.vcxproj", "{F35DB446-17BF-4038-BBF8-BAC0BAA1462C}"
EndProject
Project("{8BC9CEB8-8B4A-11D0-8D11-00A0C91BC942}") = "ObTrans", "DriverExamples\ObTrans\ObTrans.vcxproj", "{72FBD7D8-B24A-456A-B2D2-B3F581835C96}"
EndProject
Project("{8BC9CEB8-8B4A-11D0-8D11-00A0C91BC942}") = "OscVecToTLE", "DriverExamples\OscVecToTLE\OscVecToTLE.vcxproj", "{C86C3666-5BC0-435C-BF86-C76D2D3C6838}"
EndProject
Project("{8BC9CEB8-8B4A-11D0-8D11-00A0C91BC942}") = "Planer", "DriverExamples\Planer\Planer.vcxproj", "{8B8C2695-251B-4A59-A1A5-B8832B3E5DD7}"
EndProject
Project("{8BC9CEB8-8B4A-11D0-8D11-00A0C91BC942}") = "PropSat", "DriverExamples\PropSat\PropSat.vcxproj", "{5CBC4C39-5DD8-4E30-A377-9F9A7B196BE7}"
EndProject
Project("{8BC9CEB8-8B4A-11D0-8D11-00A0C91BC942}") = "Rotas", "DriverExamples\Rotas\Rotas.vcxproj", "{FF49ADB9-06B2-4FA4-9E93-F7C69D9568B5}"
EndProject
Project("{8BC9CEB8-8B4A-11D0-8D11-00A0C91BC942}") = "Rotas_IDS", "DriverExamples\Rotas_IDS\Rotas_IDS.vcxproj", "{C0C0B609-0B89-4628-8050-6B730DE8D03B}"
EndProject
Project("{8BC9CEB8-8B4A-11D0-8D11-00A0C91BC942}") = "Saas", "DriverExamples\Saas\Saas.vcxproj", "{8FFC936B-480C-4A09-BD7E-8800C2A57768}"
EndProject
Project("{8BC9CEB8-8B4A-11D0-8D11-00A0C91BC942}") = "Sgp4Prop", "DriverExamples\Sgp4Prop\Sgp4Prop.vcxproj", "{A7CB96E1-C24C-4FD7-B269-475E3C5C1334}"
EndProject
Project("{8BC9CEB8-8B4A-11D0-8D11-00A0C91BC942}") = "Sgp4Prop_MT", "DriverExamples\Sgp4Prop_MT\Sgp4Prop_MT.vcxproj", "{1E5BAA45-470F-4071-B6A7-AF82EB318AA5}"
EndProject
Project("{8BC9CEB8-8B4A-11D0-8D11-00A0C91BC942}") = "Sgp4Prop_Simple", "DriverExamples\Sgp4Prop_Simple\Sgp4Prop_Simple.vcxproj", "{621082ED-271B-471F-A0E9-09BBBE842A4C}"
EndProject
Project("{8BC9CEB8-8B4A-11D0-8D11-00A0C91BC942}") = "ShowVersion", "DriverExamples\ShowVersion\ShowVersion.vcxproj", "{390A3E3D-C604-4F0E-AC37-B43EABAD49DB}"
EndProject
Project("{8BC9CEB8-8B4A-11D0-8D11-00A0C91BC942}") = "SpProp", "DriverExamples\SpProp\SpProp.vcxproj", "{E2B7A112-A490-4669-959F-688EA7E33101}"
EndProject
Project("{8BC9CEB8-8B4A-11D0-8D11-00A0C91BC942}") = "SpProp_MT", "DriverExamples\SpProp_MT\SpProp_MT.vcxproj", "{E48CB7D5-7944-4780-85EF-3398B2FBB7D2}"
EndProject
Project("{8BC9CEB8-8B4A-11D0-8D11-00A0C91BC942}") = "TleReepoch", "DriverExamples\TleReepoch\TleReepoch.vcxproj", "{E0E89592-3E2D-4615-90FC-644DF3A5F4E9}"
EndProject
Project("{8BC9CEB8-8B4A-11D0-8D11-00A0C91BC942}") = "TestInterfaces", "DriverExamples\TestInterfaces\TestInterfaces.vcxproj", "{CD6F7FDD-7379-4CF1-9E92-1BD234FD210F}"
EndProject
Global
	GlobalSection(SolutionConfigurationPlatforms) = preSolution
		Debug|x64 = Debug|x64
		Debug|x86 = Debug|x86
		Final|x64 = Final|x64
		Final|x86 = Final|x86
		Release|x64 = Release|x64
		Release|x86 = Release|x86
		Release32bit|x64 = Release32bit|x64
		Release32bit|x86 = Release32bit|x86
		Release64bit|x64 = Release64bit|x64
		Release64bit|x86 = Release64bit|x86
	EndGlobalSection
	GlobalSection(ProjectConfigurationPlatforms) = postSolution
		{FABF737D-D0CA-447B-8729-922E02566FBE}.Debug|x64.ActiveCfg = Debug|x64
		{FABF737D-D0CA-447B-8729-922E02566FBE}.Debug|x64.Build.0 = Debug|x64
		{FABF737D-D0CA-447B-8729-922E02566FBE}.Debug|x86.ActiveCfg = Debug|Win32
		{FABF737D-D0CA-447B-8729-922E02566FBE}.Debug|x86.Build.0 = Debug|Win32
		{FABF737D-D0CA-447B-8729-922E02566FBE}.Final|x64.ActiveCfg = Final|x64
		{FABF737D-D0CA-447B-8729-922E02566FBE}.Final|x64.Build.0 = Final|x64
		{FABF737D-D0CA-447B-8729-922E02566FBE}.Final|x86.ActiveCfg = Final|Win32
		{FABF737D-D0CA-447B-8729-922E02566FBE}.Final|x86.Build.0 = Final|Win32
		{FABF737D-D0CA-447B-8729-922E02566FBE}.Release|x64.ActiveCfg = Release|x64
		{FABF737D-D0CA-447B-8729-922E02566FBE}.Release|x64.Build.0 = Release|x64
		{FABF737D-D0CA-447B-8729-922E02566FBE}.Release|x86.ActiveCfg = Release|Win32
		{FABF737D-D0CA-447B-8729-922E02566FBE}.Release|x86.Build.0 = Release|Win32
		{FABF737D-D0CA-447B-8729-922E02566FBE}.Release32bit|x64.ActiveCfg = Release32bit|x64
		{FABF737D-D0CA-447B-8729-922E02566FBE}.Release32bit|x64.Build.0 = Release32bit|x64
		{FABF737D-D0CA-447B-8729-922E02566FBE}.Release32bit|x86.ActiveCfg = Release32bit|Win32
		{FABF737D-D0CA-447B-8729-922E02566FBE}.Release32bit|x86.Build.0 = Release32bit|Win32
		{FABF737D-D0CA-447B-8729-922E02566FBE}.Release64bit|x64.ActiveCfg = Release64bit|x64
		{FABF737D-D0CA-447B-8729-922E02566FBE}.Release64bit|x64.Build.0 = Release64bit|x64
		{FABF737D-D0CA-447B-8729-922E02566FBE}.Release64bit|x86.ActiveCfg = Release64bit|Win32
		{FABF737D-D0CA-447B-8729-922E02566FBE}.Release64bit|x86.Build.0 = Release64bit|Win32
		{B15F644B-C437-457B-8EC9-B7F472A1D276}.Debug|x64.ActiveCfg = Debug|x64
		{B15F644B-C437-457B-8EC9-B7F472A1D276}.Debug|x64.Build.0 = Debug|x64
		{B15F644B-C437-457B-8EC9-B7F472A1D276}.Debug|x86.ActiveCfg = Debug|Win32
		{B15F644B-C437-457B-8EC9-B7F472A1D276}.Debug|x86.Build.0 = Debug|Win32
		{B15F644B-C437-457B-8EC9-B7F472A1D276}.Final|x64.ActiveCfg = Final|x64
		{B15F644B-C437-457B-8EC9-B7F472A1D276}.Final|x64.Build.0 = Final|x64
		{B15F644B-C437-457B-8EC9-B7F472A1D276}.Final|x86.ActiveCfg = Final|Win32
		{B15F644B-C437-457B-8EC9-B7F472A1D276}.Final|x86.Build.0 = Final|Win32
		{B15F644B-C437-457B-8EC9-B7F472A1D276}.Release|x64.ActiveCfg = Release|x64
		{B15F644B-C437-457B-8EC9-B7F472A1D276}.Release|x64.Build.0 = Release|x64
		{B15F644B-C437-457B-8EC9-B7F472A1D276}.Release|x86.ActiveCfg = Release|Win32
		{B15F644B-C437-457B-8EC9-B7F472A1D276}.Release|x86.Build.0 = Release|Win32
		{B15F644B-C437-457B-8EC9-B7F472A1D276}.Release32bit|x64.ActiveCfg = Release|x64
		{B15F644B-C437-457B-8EC9-B7F472A1D276}.Release32bit|x64.Build.0 = Release|x64
		{B15F644B-C437-457B-8EC9-B7F472A1D276}.Release32bit|x86.ActiveCfg = Release|Win32
		{B15F644B-C437-457B-8EC9-B7F472A1D276}.Release32bit|x86.Build.0 = Release|Win32
		{B15F644B-C437-457B-8EC9-B7F472A1D276}.Release64bit|x64.ActiveCfg = Release|x64
		{B15F644B-C437-457B-8EC9-B7F472A1D276}.Release64bit|x64.Build.0 = Release|x64
		{B15F644B-C437-457B-8EC9-B7F472A1D276}.Release64bit|x86.ActiveCfg = Release|Win32
		{B15F644B-C437-457B-8EC9-B7F472A1D276}.Release64bit|x86.Build.0 = Release|Win32
		{BDA19FFA-EC53-4867-87C7-B9D62A9EB9B0}.Debug|x64.ActiveCfg = Debug|x64
		{BDA19FFA-EC53-4867-87C7-B9D62A9EB9B0}.Debug|x64.Build.0 = Debug|x64
		{BDA19FFA-EC53-4867-87C7-B9D62A9EB9B0}.Debug|x86.ActiveCfg = Debug|Win32
		{BDA19FFA-EC53-4867-87C7-B9D62A9EB9B0}.Debug|x86.Build.0 = Debug|Win32
		{BDA19FFA-EC53-4867-87C7-B9D62A9EB9B0}.Final|x64.ActiveCfg = Final|x64
		{BDA19FFA-EC53-4867-87C7-B9D62A9EB9B0}.Final|x64.Build.0 = Final|x64
		{BDA19FFA-EC53-4867-87C7-B9D62A9EB9B0}.Final|x86.ActiveCfg = Final|Win32
		{BDA19FFA-EC53-4867-87C7-B9D62A9EB9B0}.Final|x86.Build.0 = Final|Win32
		{BDA19FFA-EC53-4867-87C7-B9D62A9EB9B0}.Release|x64.ActiveCfg = Release|x64
		{BDA19FFA-EC53-4867-87C7-B9D62A9EB9B0}.Release|x64.Build.0 = Release|x64
		{BDA19FFA-EC53-4867-87C7-B9D62A9EB9B0}.Release|x86.ActiveCfg = Release|Win32
		{BDA19FFA-EC53-4867-87C7-B9D62A9EB9B0}.Release|x86.Build.0 = Release|Win32
		{BDA19FFA-EC53-4867-87C7-B9D62A9EB9B0}.Release32bit|x64.ActiveCfg = Release|x64
		{BDA19FFA-EC53-4867-87C7-B9D62A9EB9B0}.Release32bit|x64.Build.0 = Release|x64
		{BDA19FFA-EC53-4867-87C7-B9D62A9EB9B0}.Release32bit|x86.ActiveCfg = Release|Win32
		{BDA19FFA-EC53-4867-87C7-B9D62A9EB9B0}.Release32bit|x86.Build.0 = Release|Win32
		{BDA19FFA-EC53-4867-87C7-B9D62A9EB9B0}.Release64bit|x64.ActiveCfg = Release|x64
		{BDA19FFA-EC53-4867-87C7-B9D62A9EB9B0}.Release64bit|x64.Build.0 = Release|x64
		{BDA19FFA-EC53-4867-87C7-B9D62A9EB9B0}.Release64bit|x86.ActiveCfg = Release|Win32
		{BDA19FFA-EC53-4867-87C7-B9D62A9EB9B0}.Release64bit|x86.Build.0 = Release|Win32
		{446FC5E7-24CB-4D8F-8AAF-729F786E0F41}.Debug|x64.ActiveCfg = Debug|x64
		{446FC5E7-24CB-4D8F-8AAF-729F786E0F41}.Debug|x64.Build.0 = Debug|x64
		{446FC5E7-24CB-4D8F-8AAF-729F786E0F41}.Debug|x86.ActiveCfg = Debug|Win32
		{446FC5E7-24CB-4D8F-8AAF-729F786E0F41}.Debug|x86.Build.0 = Debug|Win32
		{446FC5E7-24CB-4D8F-8AAF-729F786E0F41}.Final|x64.ActiveCfg = Final|x64
		{446FC5E7-24CB-4D8F-8AAF-729F786E0F41}.Final|x64.Build.0 = Final|x64
		{446FC5E7-24CB-4D8F-8AAF-729F786E0F41}.Final|x86.ActiveCfg = Final|Win32
		{446FC5E7-24CB-4D8F-8AAF-729F786E0F41}.Final|x86.Build.0 = Final|Win32
		{446FC5E7-24CB-4D8F-8AAF-729F786E0F41}.Release|x64.ActiveCfg = Release|x64
		{446FC5E7-24CB-4D8F-8AAF-729F786E0F41}.Release|x64.Build.0 = Release|x64
		{446FC5E7-24CB-4D8F-8AAF-729F786E0F41}.Release|x86.ActiveCfg = Release|Win32
		{446FC5E7-24CB-4D8F-8AAF-729F786E0F41}.Release|x86.Build.0 = Release|Win32
		{446FC5E7-24CB-4D8F-8AAF-729F786E0F41}.Release32bit|x64.ActiveCfg = Release|x64
		{446FC5E7-24CB-4D8F-8AAF-729F786E0F41}.Release32bit|x64.Build.0 = Release|x64
		{446FC5E7-24CB-4D8F-8AAF-729F786E0F41}.Release32bit|x86.ActiveCfg = Release|Win32
		{446FC5E7-24CB-4D8F-8AAF-729F786E0F41}.Release32bit|x86.Build.0 = Release|Win32
		{446FC5E7-24CB-4D8F-8AAF-729F786E0F41}.Release64bit|x64.ActiveCfg = Release|x64
		{446FC5E7-24CB-4D8F-8AAF-729F786E0F41}.Release64bit|x64.Build.0 = Release|x64
		{446FC5E7-24CB-4D8F-8AAF-729F786E0F41}.Release64bit|x86.ActiveCfg = Release|Win32
		{446FC5E7-24CB-4D8F-8AAF-729F786E0F41}.Release64bit|x86.Build.0 = Release|Win32
		{75DF7795-1372-479D-B4FC-FADA94597DF1}.Debug|x64.ActiveCfg = Debug|x64
		{75DF7795-1372-479D-B4FC-FADA94597DF1}.Debug|x64.Build.0 = Debug|x64
		{75DF7795-1372-479D-B4FC-FADA94597DF1}.Debug|x86.ActiveCfg = Debug|Win32
		{75DF7795-1372-479D-B4FC-FADA94597DF1}.Debug|x86.Build.0 = Debug|Win32
		{75DF7795-1372-479D-B4FC-FADA94597DF1}.Final|x64.ActiveCfg = Final|x64
		{75DF7795-1372-479D-B4FC-FADA94597DF1}.Final|x64.Build.0 = Final|x64
		{75DF7795-1372-479D-B4FC-FADA94597DF1}.Final|x86.ActiveCfg = Final|Win32
		{75DF7795-1372-479D-B4FC-FADA94597DF1}.Final|x86.Build.0 = Final|Win32
		{75DF7795-1372-479D-B4FC-FADA94597DF1}.Release|x64.ActiveCfg = Release|x64
		{75DF7795-1372-479D-B4FC-FADA94597DF1}.Release|x64.Build.0 = Release|x64
		{75DF7795-1372-479D-B4FC-FADA94597DF1}.Release|x86.ActiveCfg = Release|Win32
		{75DF7795-1372-479D-B4FC-FADA94597DF1}.Release|x86.Build.0 = Release|Win32
		{75DF7795-1372-479D-B4FC-FADA94597DF1}.Release32bit|x64.ActiveCfg = Release|x64
		{75DF7795-1372-479D-B4FC-FADA94597DF1}.Release32bit|x64.Build.0 = Release|x64
		{75DF7795-1372-479D-B4FC-FADA94597DF1}.Release32bit|x86.ActiveCfg = Release|Win32
		{75DF7795-1372-479D-B4FC-FADA94597DF1}.Release32bit|x86.Build.0 = Release|Win32
		{75DF7795-1372-479D-B4FC-FADA94597DF1}.Release64bit|x64.ActiveCfg = Release|x64
		{75DF7795-1372-479D-B4FC-FADA94597DF1}.Release64bit|x64.Build.0 = Release|x64
		{75DF7795-1372-479D-B4FC-FADA94597DF1}.Release64bit|x86.ActiveCfg = Release|Win32
		{75DF7795-1372-479D-B4FC-FADA94597DF1}.Release64bit|x86.Build.0 = Release|Win32
		{A4E20011-FB9F-49F7-88FC-7A95EEC8797A}.Debug|x64.ActiveCfg = Debug|x64
		{A4E20011-FB9F-49F7-88FC-7A95EEC8797A}.Debug|x64.Build.0 = Debug|x64
		{A4E20011-FB9F-49F7-88FC-7A95EEC8797A}.Debug|x86.ActiveCfg = Debug|Win32
		{A4E20011-FB9F-49F7-88FC-7A95EEC8797A}.Debug|x86.Build.0 = Debug|Win32
		{A4E20011-FB9F-49F7-88FC-7A95EEC8797A}.Final|x64.ActiveCfg = Final|x64
		{A4E20011-FB9F-49F7-88FC-7A95EEC8797A}.Final|x64.Build.0 = Final|x64
		{A4E20011-FB9F-49F7-88FC-7A95EEC8797A}.Final|x86.ActiveCfg = Final|Win32
		{A4E20011-FB9F-49F7-88FC-7A95EEC8797A}.Final|x86.Build.0 = Final|Win32
		{A4E20011-FB9F-49F7-88FC-7A95EEC8797A}.Release|x64.ActiveCfg = Release|x64
		{A4E20011-FB9F-49F7-88FC-7A95EEC8797A}.Release|x64.Build.0 = Release|x64
		{A4E20011-FB9F-49F7-88FC-7A95EEC8797A}.Release|x86.ActiveCfg = Release|Win32
		{A4E20011-FB9F-49F7-88FC-7A95EEC8797A}.Release|x86.Build.0 = Release|Win32
		{A4E20011-FB9F-49F7-88FC-7A95EEC8797A}.Release32bit|x64.ActiveCfg = Release32bit|x64
		{A4E20011-FB9F-49F7-88FC-7A95EEC8797A}.Release32bit|x64.Build.0 = Release32bit|x64
		{A4E20011-FB9F-49F7-88FC-7A95EEC8797A}.Release32bit|x86.ActiveCfg = Release32bit|Win32
		{A4E20011-FB9F-49F7-88FC-7A95EEC8797A}.Release32bit|x86.Build.0 = Release32bit|Win32
		{A4E20011-FB9F-49F7-88FC-7A95EEC8797A}.Release64bit|x64.ActiveCfg = Release64bit|x64
		{A4E20011-FB9F-49F7-88FC-7A95EEC8797A}.Release64bit|x64.Build.0 = Release64bit|x64
		{A4E20011-FB9F-49F7-88FC-7A95EEC8797A}.Release64bit|x86.ActiveCfg = Release64bit|Win32
		{A4E20011-FB9F-49F7-88FC-7A95EEC8797A}.Release64bit|x86.Build.0 = Release64bit|Win32
		{CD379514-FC56-455B-BA02-A4A3E1CAAE58}.Debug|x64.ActiveCfg = Debug|x64
		{CD379514-FC56-455B-BA02-A4A3E1CAAE58}.Debug|x64.Build.0 = Debug|x64
		{CD379514-FC56-455B-BA02-A4A3E1CAAE58}.Debug|x86.ActiveCfg = Debug|Win32
		{CD379514-FC56-455B-BA02-A4A3E1CAAE58}.Debug|x86.Build.0 = Debug|Win32
		{CD379514-FC56-455B-BA02-A4A3E1CAAE58}.Final|x64.ActiveCfg = Final|x64
		{CD379514-FC56-455B-BA02-A4A3E1CAAE58}.Final|x64.Build.0 = Final|x64
		{CD379514-FC56-455B-BA02-A4A3E1CAAE58}.Final|x86.ActiveCfg = Final|Win32
		{CD379514-FC56-455B-BA02-A4A3E1CAAE58}.Final|x86.Build.0 = Final|Win32
		{CD379514-FC56-455B-BA02-A4A3E1CAAE58}.Release|x64.ActiveCfg = Release|x64
		{CD379514-FC56-455B-BA02-A4A3E1CAAE58}.Release|x64.Build.0 = Release|x64
		{CD379514-FC56-455B-BA02-A4A3E1CAAE58}.Release|x86.ActiveCfg = Release|Win32
		{CD379514-FC56-455B-BA02-A4A3E1CAAE58}.Release|x86.Build.0 = Release|Win32
		{CD379514-FC56-455B-BA02-A4A3E1CAAE58}.Release32bit|x64.ActiveCfg = Release|x64
		{CD379514-FC56-455B-BA02-A4A3E1CAAE58}.Release32bit|x64.Build.0 = Release|x64
		{CD379514-FC56-455B-BA02-A4A3E1CAAE58}.Release32bit|x86.ActiveCfg = Release|Win32
		{CD379514-FC56-455B-BA02-A4A3E1CAAE58}.Release32bit|x86.Build.0 = Release|Win32
		{CD379514-FC56-455B-BA02-A4A3E1CAAE58}.Release64bit|x64.ActiveCfg = Release|x64
		{CD379514-FC56-455B-BA02-A4A3E1CAAE58}.Release64bit|x64.Build.0 = Release|x64
		{CD379514-FC56-455B-BA02-A4A3E1CAAE58}.Release64bit|x86.ActiveCfg = Release|Win32
		{CD379514-FC56-455B-BA02-A4A3E1CAAE58}.Release64bit|x86.Build.0 = Release|Win32
		{A3925094-1280-4AD2-9C44-327919AF0719}.Debug|x64.ActiveCfg = Debug|x64
		{A3925094-1280-4AD2-9C44-327919AF0719}.Debug|x64.Build.0 = Debug|x64
		{A3925094-1280-4AD2-9C44-327919AF0719}.Debug|x86.ActiveCfg = Debug|Win32
		{A3925094-1280-4AD2-9C44-327919AF0719}.Debug|x86.Build.0 = Debug|Win32
		{A3925094-1280-4AD2-9C44-327919AF0719}.Final|x64.ActiveCfg = Final|x64
		{A3925094-1280-4AD2-9C44-327919AF0719}.Final|x64.Build.0 = Final|x64
		{A3925094-1280-4AD2-9C44-327919AF0719}.Final|x86.ActiveCfg = Final|Win32
		{A3925094-1280-4AD2-9C44-327919AF0719}.Final|x86.Build.0 = Final|Win32
		{A3925094-1280-4AD2-9C44-327919AF0719}.Release|x64.ActiveCfg = Release|x64
		{A3925094-1280-4AD2-9C44-327919AF0719}.Release|x64.Build.0 = Release|x64
		{A3925094-1280-4AD2-9C44-327919AF0719}.Release|x86.ActiveCfg = Release|Win32
		{A3925094-1280-4AD2-9C44-327919AF0719}.Release|x86.Build.0 = Release|Win32
		{A3925094-1280-4AD2-9C44-327919AF0719}.Release32bit|x64.ActiveCfg = Release|x64
		{A3925094-1280-4AD2-9C44-327919AF0719}.Release32bit|x64.Build.0 = Release|x64
		{A3925094-1280-4AD2-9C44-327919AF0719}.Release32bit|x86.ActiveCfg = Release|Win32
		{A3925094-1280-4AD2-9C44-327919AF0719}.Release32bit|x86.Build.0 = Release|Win32
		{A3925094-1280-4AD2-9C44-327919AF0719}.Release64bit|x64.ActiveCfg = Release|x64
		{A3925094-1280-4AD2-9C44-327919AF0719}.Release64bit|x64.Build.0 = Release|x64
		{A3925094-1280-4AD2-9C44-327919AF0719}.Release64bit|x86.ActiveCfg = Release|Win32
		{A3925094-1280-4AD2-9C44-327919AF0719}.Release64bit|x86.Build.0 = Release|Win32
		{C12ACC52-A61E-47E7-ADFC-DDCE1F76A09D}.Debug|x64.ActiveCfg = Debug|x64
		{C12ACC52-A61E-47E7-ADFC-DDCE1F76A09D}.Debug|x64.Build.0 = Debug|x64
		{C12ACC52-A61E-47E7-ADFC-DDCE1F76A09D}.Debug|x86.ActiveCfg = Debug|Win32
		{C12ACC52-A61E-47E7-ADFC-DDCE1F76A09D}.Debug|x86.Build.0 = Debug|Win32
		{C12ACC52-A61E-47E7-ADFC-DDCE1F76A09D}.Final|x64.ActiveCfg = Final|x64
		{C12ACC52-A61E-47E7-ADFC-DDCE1F76A09D}.Final|x64.Build.0 = Final|x64
		{C12ACC52-A61E-47E7-ADFC-DDCE1F76A09D}.Final|x86.ActiveCfg = Final|Win32
		{C12ACC52-A61E-47E7-ADFC-DDCE1F76A09D}.Final|x86.Build.0 = Final|Win32
		{C12ACC52-A61E-47E7-ADFC-DDCE1F76A09D}.Release|x64.ActiveCfg = Release|x64
		{C12ACC52-A61E-47E7-ADFC-DDCE1F76A09D}.Release|x64.Build.0 = Release|x64
		{C12ACC52-A61E-47E7-ADFC-DDCE1F76A09D}.Release|x86.ActiveCfg = Release|Win32
		{C12ACC52-A61E-47E7-ADFC-DDCE1F76A09D}.Release|x86.Build.0 = Release|Win32
		{C12ACC52-A61E-47E7-ADFC-DDCE1F76A09D}.Release32bit|x64.ActiveCfg = Release64bit|x64
		{C12ACC52-A61E-47E7-ADFC-DDCE1F76A09D}.Release32bit|x64.Build.0 = Release64bit|x64
		{C12ACC52-A61E-47E7-ADFC-DDCE1F76A09D}.Release32bit|x86.ActiveCfg = Release64bit|Win32
		{C12ACC52-A61E-47E7-ADFC-DDCE1F76A09D}.Release32bit|x86.Build.0 = Release64bit|Win32
		{C12ACC52-A61E-47E7-ADFC-DDCE1F76A09D}.Release64bit|x64.ActiveCfg = Release64bit|x64
		{C12ACC52-A61E-47E7-ADFC-DDCE1F76A09D}.Release64bit|x64.Build.0 = Release64bit|x64
		{C12ACC52-A61E-47E7-ADFC-DDCE1F76A09D}.Release64bit|x86.ActiveCfg = Release64bit|Win32
		{C12ACC52-A61E-47E7-ADFC-DDCE1F76A09D}.Release64bit|x86.Build.0 = Release64bit|Win32
		{520ECE9A-5700-409A-8EBD-78F3F116C2F6}.Debug|x64.ActiveCfg = Debug|x64
		{520ECE9A-5700-409A-8EBD-78F3F116C2F6}.Debug|x64.Build.0 = Debug|x64
		{520ECE9A-5700-409A-8EBD-78F3F116C2F6}.Debug|x86.ActiveCfg = Debug|Win32
		{520ECE9A-5700-409A-8EBD-78F3F116C2F6}.Debug|x86.Build.0 = Debug|Win32
		{520ECE9A-5700-409A-8EBD-78F3F116C2F6}.Final|x64.ActiveCfg = Final|x64
		{520ECE9A-5700-409A-8EBD-78F3F116C2F6}.Final|x64.Build.0 = Final|x64
		{520ECE9A-5700-409A-8EBD-78F3F116C2F6}.Final|x86.ActiveCfg = Final|Win32
		{520ECE9A-5700-409A-8EBD-78F3F116C2F6}.Final|x86.Build.0 = Final|Win32
		{520ECE9A-5700-409A-8EBD-78F3F116C2F6}.Release|x64.ActiveCfg = Release|x64
		{520ECE9A-5700-409A-8EBD-78F3F116C2F6}.Release|x64.Build.0 = Release|x64
		{520ECE9A-5700-409A-8EBD-78F3F116C2F6}.Release|x86.ActiveCfg = Release|Win32
		{520ECE9A-5700-409A-8EBD-78F3F116C2F6}.Release|x86.Build.0 = Release|Win32
		{520ECE9A-5700-409A-8EBD-78F3F116C2F6}.Release32bit|x64.ActiveCfg = Release64bit|x64
		{520ECE9A-5700-409A-8EBD-78F3F116C2F6}.Release32bit|x64.Build.0 = Release64bit|x64
		{520ECE9A-5700-409A-8EBD-78F3F116C2F6}.Release32bit|x86.ActiveCfg = Release64bit|Win32
		{520ECE9A-5700-409A-8EBD-78F3F116C2F6}.Release32bit|x86.Build.0 = Release64bit|Win32
		{520ECE9A-5700-409A-8EBD-78F3F116C2F6}.Release64bit|x64.ActiveCfg = Release64bit|x64
		{520ECE9A-5700-409A-8EBD-78F3F116C2F6}.Release64bit|x64.Build.0 = Release64bit|x64
		{520ECE9A-5700-409A-8EBD-78F3F116C2F6}.Release64bit|x86.ActiveCfg = Release64bit|Win32
		{520ECE9A-5700-409A-8EBD-78F3F116C2F6}.Release64bit|x86.Build.0 = Release64bit|Win32
		{F35DB446-17BF-4038-BBF8-BAC0BAA1462C}.Debug|x64.ActiveCfg = Debug|x64
		{F35DB446-17BF-4038-BBF8-BAC0BAA1462C}.Debug|x64.Build.0 = Debug|x64
		{F35DB446-17BF-4038-BBF8-BAC0BAA1462C}.Debug|x86.ActiveCfg = Debug|Win32
		{F35DB446-17BF-4038-BBF8-BAC0BAA1462C}.Debug|x86.Build.0 = Debug|Win32
		{F35DB446-17BF-4038-BBF8-BAC0BAA1462C}.Final|x64.ActiveCfg = Final|x64
		{F35DB446-17BF-4038-BBF8-BAC0BAA1462C}.Final|x64.Build.0 = Final|x64
		{F35DB446-17BF-4038-BBF8-BAC0BAA1462C}.Final|x86.ActiveCfg = Final|Win32
		{F35DB446-17BF-4038-BBF8-BAC0BAA1462C}.Final|x86.Build.0 = Final|Win32
		{F35DB446-17BF-4038-BBF8-BAC0BAA1462C}.Release|x64.ActiveCfg = Release|x64
		{F35DB446-17BF-4038-BBF8-BAC0BAA1462C}.Release|x64.Build.0 = Release|x64
		{F35DB446-17BF-4038-BBF8-BAC0BAA1462C}.Release|x86.ActiveCfg = Release|Win32
		{F35DB446-17BF-4038-BBF8-BAC0BAA1462C}.Release|x86.Build.0 = Release|Win32
		{F35DB446-17BF-4038-BBF8-BAC0BAA1462C}.Release32bit|x64.ActiveCfg = Release32bit|x64
		{F35DB446-17BF-4038-BBF8-BAC0BAA1462C}.Release32bit|x64.Build.0 = Release32bit|x64
		{F35DB446-17BF-4038-BBF8-BAC0BAA1462C}.Release32bit|x86.ActiveCfg = Release32bit|Win32
		{F35DB446-17BF-4038-BBF8-BAC0BAA1462C}.Release32bit|x86.Build.0 = Release32bit|Win32
		{F35DB446-17BF-4038-BBF8-BAC0BAA1462C}.Release64bit|x64.ActiveCfg = Release64bit|x64
		{F35DB446-17BF-4038-BBF8-BAC0BAA1462C}.Release64bit|x64.Build.0 = Release64bit|x64
		{F35DB446-17BF-4038-BBF8-BAC0BAA1462C}.Release64bit|x86.ActiveCfg = Release64bit|Win32
		{F35DB446-17BF-4038-BBF8-BAC0BAA1462C}.Release64bit|x86.Build.0 = Release64bit|Win32
		{72FBD7D8-B24A-456A-B2D2-B3F581835C96}.Debug|x64.ActiveCfg = Debug|x64
		{72FBD7D8-B24A-456A-B2D2-B3F581835C96}.Debug|x64.Build.0 = Debug|x64
		{72FBD7D8-B24A-456A-B2D2-B3F581835C96}.Debug|x86.ActiveCfg = Debug|Win32
		{72FBD7D8-B24A-456A-B2D2-B3F581835C96}.Debug|x86.Build.0 = Debug|Win32
		{72FBD7D8-B24A-456A-B2D2-B3F581835C96}.Final|x64.ActiveCfg = Final|x64
		{72FBD7D8-B24A-456A-B2D2-B3F581835C96}.Final|x64.Build.0 = Final|x64
		{72FBD7D8-B24A-456A-B2D2-B3F581835C96}.Final|x86.ActiveCfg = Final|Win32
		{72FBD7D8-B24A-456A-B2D2-B3F581835C96}.Final|x86.Build.0 = Final|Win32
		{72FBD7D8-B24A-456A-B2D2-B3F581835C96}.Release|x64.ActiveCfg = Release|x64
		{72FBD7D8-B24A-456A-B2D2-B3F581835C96}.Release|x64.Build.0 = Release|x64
		{72FBD7D8-B24A-456A-B2D2-B3F581835C96}.Release|x86.ActiveCfg = Release|Win32
		{72FBD7D8-B24A-456A-B2D2-B3F581835C96}.Release|x86.Build.0 = Release|Win32
		{72FBD7D8-B24A-456A-B2D2-B3F581835C96}.Release32bit|x64.ActiveCfg = Release32bit|x64
		{72FBD7D8-B24A-456A-B2D2-B3F581835C96}.Release32bit|x64.Build.0 = Release32bit|x64
		{72FBD7D8-B24A-456A-B2D2-B3F581835C96}.Release32bit|x86.ActiveCfg = Release32bit|Win32
		{72FBD7D8-B24A-456A-B2D2-B3F581835C96}.Release32bit|x86.Build.0 = Release32bit|Win32
		{72FBD7D8-B24A-456A-B2D2-B3F581835C96}.Release64bit|x64.ActiveCfg = Release64bit|x64
		{72FBD7D8-B24A-456A-B2D2-B3F581835C96}.Release64bit|x64.Build.0 = Release64bit|x64
		{72FBD7D8-B24A-456A-B2D2-B3F581835C96}.Release64bit|x86.ActiveCfg = Release64bit|Win32
		{72FBD7D8-B24A-456A-B2D2-B3F581835C96}.Release64bit|x86.Build.0 = Release64bit|Win32
		{C86C3666-5BC0-435C-BF86-C76D2D3C6838}.Debug|x64.ActiveCfg = Debug|x64
		{C86C3666-5BC0-435C-BF86-C76D2D3C6838}.Debug|x64.Build.0 = Debug|x64
		{C86C3666-5BC0-435C-BF86-C76D2D3C6838}.Debug|x86.ActiveCfg = Debug|Win32
		{C86C3666-5BC0-435C-BF86-C76D2D3C6838}.Debug|x86.Build.0 = Debug|Win32
		{C86C3666-5BC0-435C-BF86-C76D2D3C6838}.Final|x64.ActiveCfg = Final|x64
		{C86C3666-5BC0-435C-BF86-C76D2D3C6838}.Final|x64.Build.0 = Final|x64
		{C86C3666-5BC0-435C-BF86-C76D2D3C6838}.Final|x86.ActiveCfg = Final|Win32
		{C86C3666-5BC0-435C-BF86-C76D2D3C6838}.Final|x86.Build.0 = Final|Win32
		{C86C3666-5BC0-435C-BF86-C76D2D3C6838}.Release|x64.ActiveCfg = Release|x64
		{C86C3666-5BC0-435C-BF86-C76D2D3C6838}.Release|x64.Build.0 = Release|x64
		{C86C3666-5BC0-435C-BF86-C76D2D3C6838}.Release|x86.ActiveCfg = Release|Win32
		{C86C3666-5BC0-435C-BF86-C76D2D3C6838}.Release|x86.Build.0 = Release|Win32
		{C86C3666-5BC0-435C-BF86-C76D2D3C6838}.Release32bit|x64.ActiveCfg = Release32bit|x64
		{C86C3666-5BC0-435C-BF86-C76D2D3C6838}.Release32bit|x64.Build.0 = Release32bit|x64
		{C86C3666-5BC0-435C-BF86-C76D2D3C6838}.Release32bit|x86.ActiveCfg = Release32bit|Win32
		{C86C3666-5BC0-435C-BF86-C76D2D3C6838}.Release32bit|x86.Build.0 = Release32bit|Win32
		{C86C3666-5BC0-435C-BF86-C76D2D3C6838}.Release64bit|x64.ActiveCfg = Release64bit|x64
		{C86C3666-5BC0-435C-BF86-C76D2D3C6838}.Release64bit|x64.Build.0 = Release64bit|x64
		{C86C3666-5BC0-435C-BF86-C76D2D3C6838}.Release64bit|x86.ActiveCfg = Release64bit|Win32
		{C86C3666-5BC0-435C-BF86-C76D2D3C6838}.Release64bit|x86.Build.0 = Release64bit|Win32
		{8B8C2695-251B-4A59-A1A5-B8832B3E5DD7}.Debug|x64.ActiveCfg = Debug|x64
		{8B8C2695-251B-4A59-A1A5-B8832B3E5DD7}.Debug|x64.Build.0 = Debug|x64
		{8B8C2695-251B-4A59-A1A5-B8832B3E5DD7}.Debug|x86.ActiveCfg = Debug|Win32
		{8B8C2695-251B-4A59-A1A5-B8832B3E5DD7}.Debug|x86.Build.0 = Debug|Win32
		{8B8C2695-251B-4A59-A1A5-B8832B3E5DD7}.Final|x64.ActiveCfg = Final|x64
		{8B8C2695-251B-4A59-A1A5-B8832B3E5DD7}.Final|x64.Build.0 = Final|x64
		{8B8C2695-251B-4A59-A1A5-B8832B3E5DD7}.Final|x86.ActiveCfg = Final|Win32
		{8B8C2695-251B-4A59-A1A5-B8832B3E5DD7}.Final|x86.Build.0 = Final|Win32
		{8B8C2695-251B-4A59-A1A5-B8832B3E5DD7}.Release|x64.ActiveCfg = Release|x64
		{8B8C2695-251B-4A59-A1A5-B8832B3E5DD7}.Release|x64.Build.0 = Release|x64
		{8B8C2695-251B-4A59-A1A5-B8832B3E5DD7}.Release|x86.ActiveCfg = Release|Win32
		{8B8C2695-251B-4A59-A1A5-B8832B3E5DD7}.Release|x86.Build.0 = Release|Win32
		{8B8C2695-251B-4A59-A1A5-B8832B3E5DD7}.Release32bit|x64.ActiveCfg = Release|x64
		{8B8C2695-251B-4A59-A1A5-B8832B3E5DD7}.Release32bit|x64.Build.0 = Release|x64
		{8B8C2695-251B-4A59-A1A5-B8832B3E5DD7}.Release32bit|x86.ActiveCfg = Release|Win32
		{8B8C2695-251B-4A59-A1A5-B8832B3E5DD7}.Release32bit|x86.Build.0 = Release|Win32
		{8B8C2695-251B-4A59-A1A5-B8832B3E5DD7}.Release64bit|x64.ActiveCfg = Release|x64
		{8B8C2695-251B-4A59-A1A5-B8832B3E5DD7}.Release64bit|x64.Build.0 = Release|x64
		{8B8C2695-251B-4A59-A1A5-B8832B3E5DD7}.Release64bit|x86.ActiveCfg = Release|Win32
		{8B8C2695-251B-4A59-A1A5-B8832B3E5DD7}.Release64bit|x86.Build.0 = Release|Win32
		{5CBC4C39-5DD8-4E30-A377-9F9A7B196BE7}.Debug|x64.ActiveCfg = Debug|x64
		{5CBC4C39-5DD8-4E30-A377-9F9A7B196BE7}.Debug|x64.Build.0 = Debug|x64
		{5CBC4C39-5DD8-4E30-A377-9F9A7B196BE7}.Debug|x86.ActiveCfg = Debug|Win32
		{5CBC4C39-5DD8-4E30-A377-9F9A7B196BE7}.Debug|x86.Build.0 = Debug|Win32
		{5CBC4C39-5DD8-4E30-A377-9F9A7B196BE7}.Final|x64.ActiveCfg = Final|x64
		{5CBC4C39-5DD8-4E30-A377-9F9A7B196BE7}.Final|x64.Build.0 = Final|x64
		{5CBC4C39-5DD8-4E30-A377-9F9A7B196BE7}.Final|x86.ActiveCfg = Final|Win32
		{5CBC4C39-5DD8-4E30-A377-9F9A7B196BE7}.Final|x86.Build.0 = Final|Win32
		{5CBC4C39-5DD8-4E30-A377-9F9A7B196BE7}.Release|x64.ActiveCfg = Release|x64
		{5CBC4C39-5DD8-4E30-A377-9F9A7B196BE7}.Release|x64.Build.0 = Release|x64
		{5CBC4C39-5DD8-4E30-A377-9F9A7B196BE7}.Release|x86.ActiveCfg = Release|Win32
		{5CBC4C39-5DD8-4E30-A377-9F9A7B196BE7}.Release|x86.Build.0 = Release|Win32
		{5CBC4C39-5DD8-4E30-A377-9F9A7B196BE7}.Release32bit|x64.ActiveCfg = Release|x64
		{5CBC4C39-5DD8-4E30-A377-9F9A7B196BE7}.Release32bit|x64.Build.0 = Release|x64
		{5CBC4C39-5DD8-4E30-A377-9F9A7B196BE7}.Release32bit|x86.ActiveCfg = Release|Win32
		{5CBC4C39-5DD8-4E30-A377-9F9A7B196BE7}.Release32bit|x86.Build.0 = Release|Win32
		{5CBC4C39-5DD8-4E30-A377-9F9A7B196BE7}.Release64bit|x64.ActiveCfg = Release|x64
		{5CBC4C39-5DD8-4E30-A377-9F9A7B196BE7}.Release64bit|x64.Build.0 = Release|x64
		{5CBC4C39-5DD8-4E30-A377-9F9A7B196BE7}.Release64bit|x86.ActiveCfg = Release|Win32
		{5CBC4C39-5DD8-4E30-A377-9F9A7B196BE7}.Release64bit|x86.Build.0 = Release|Win32
		{FF49ADB9-06B2-4FA4-9E93-F7C69D9568B5}.Debug|x64.ActiveCfg = Debug|x64
		{FF49ADB9-06B2-4FA4-9E93-F7C69D9568B5}.Debug|x64.Build.0 = Debug|x64
		{FF49ADB9-06B2-4FA4-9E93-F7C69D9568B5}.Debug|x86.ActiveCfg = Debug|Win32
		{FF49ADB9-06B2-4FA4-9E93-F7C69D9568B5}.Debug|x86.Build.0 = Debug|Win32
		{FF49ADB9-06B2-4FA4-9E93-F7C69D9568B5}.Final|x64.ActiveCfg = Final|x64
		{FF49ADB9-06B2-4FA4-9E93-F7C69D9568B5}.Final|x64.Build.0 = Final|x64
		{FF49ADB9-06B2-4FA4-9E93-F7C69D9568B5}.Final|x86.ActiveCfg = Final|Win32
		{FF49ADB9-06B2-4FA4-9E93-F7C69D9568B5}.Final|x86.Build.0 = Final|Win32
		{FF49ADB9-06B2-4FA4-9E93-F7C69D9568B5}.Release|x64.ActiveCfg = Release|x64
		{FF49ADB9-06B2-4FA4-9E93-F7C69D9568B5}.Release|x64.Build.0 = Release|x64
		{FF49ADB9-06B2-4FA4-9E93-F7C69D9568B5}.Release|x86.ActiveCfg = Release|Win32
		{FF49ADB9-06B2-4FA4-9E93-F7C69D9568B5}.Release|x86.Build.0 = Release|Win32
		{FF49ADB9-06B2-4FA4-9E93-F7C69D9568B5}.Release32bit|x64.ActiveCfg = Release32bit|x64
		{FF49ADB9-06B2-4FA4-9E93-F7C69D9568B5}.Release32bit|x64.Build.0 = Release32bit|x64
		{FF49ADB9-06B2-4FA4-9E93-F7C69D9568B5}.Release32bit|x86.ActiveCfg = Release32bit|Win32
		{FF49ADB9-06B2-4FA4-9E93-F7C69D9568B5}.Release32bit|x86.Build.0 = Release32bit|Win32
		{FF49ADB9-06B2-4FA4-9E93-F7C69D9568B5}.Release64bit|x64.ActiveCfg = Release64bit|x64
		{FF49ADB9-06B2-4FA4-9E93-F7C69D9568B5}.Release64bit|x64.Build.0 = Release64bit|x64
		{FF49ADB9-06B2-4FA4-9E93-F7C69D9568B5}.Release64bit|x86.ActiveCfg = Release64bit|Win32
		{FF49ADB9-06B2-4FA4-9E93-F7C69D9568B5}.Release64bit|x86.Build.0 = Release64bit|Win32
		{C0C0B609-0B89-4628-8050-6B730DE8D03B}.Debug|x64.ActiveCfg = Debug|x64
		{C0C0B609-0B89-4628-8050-6B730DE8D03B}.Debug|x64.Build.0 = Debug|x64
		{C0C0B609-0B89-4628-8050-6B730DE8D03B}.Debug|x86.ActiveCfg = Debug|Win32
		{C0C0B609-0B89-4628-8050-6B730DE8D03B}.Debug|x86.Build.0 = Debug|Win32
		{C0C0B609-0B89-4628-8050-6B730DE8D03B}.Final|x64.ActiveCfg = Final|x64
		{C0C0B609-0B89-4628-8050-6B730DE8D03B}.Final|x64.Build.0 = Final|x64
		{C0C0B609-0B89-4628-8050-6B730DE8D03B}.Final|x86.ActiveCfg = Final|Win32
		{C0C0B609-0B89-4628-8050-6B730DE8D03B}.Final|x86.Build.0 = Final|Win32
		{C0C0B609-0B89-4628-8050-6B730DE8D03B}.Release|x64.ActiveCfg = Release|x64
		{C0C0B609-0B89-4628-8050-6B730DE8D03B}.Release|x64.Build.0 = Release|x64
		{C0C0B609-0B89-4628-8050-6B730DE8D03B}.Release|x86.ActiveCfg = Release|Win32
		{C0C0B609-0B89-4628-8050-6B730DE8D03B}.Release|x86.Build.0 = Release|Win32
		{C0C0B609-0B89-4628-8050-6B730DE8D03B}.Release32bit|x64.ActiveCfg = Release|x64
		{C0C0B609-0B89-4628-8050-6B730DE8D03B}.Release32bit|x64.Build.0 = Release|x64
		{C0C0B609-0B89-4628-8050-6B730DE8D03B}.Release32bit|x86.ActiveCfg = Release|Win32
		{C0C0B609-0B89-4628-8050-6B730DE8D03B}.Release32bit|x86.Build.0 = Release|Win32
		{C0C0B609-0B89-4628-8050-6B730DE8D03B}.Release64bit|x64.ActiveCfg = Release|x64
		{C0C0B609-0B89-4628-8050-6B730DE8D03B}.Release64bit|x64.Build.0 = Release|x64
		{C0C0B609-0B89-4628-8050-6B730DE8D03B}.Release64bit|x86.ActiveCfg = Release|Win32
		{C0C0B609-0B89-4628-8050-6B730DE8D03B}.Release64bit|x86.Build.0 = Release|Win32
		{8FFC936B-480C-4A09-BD7E-8800C2A57768}.Debug|x64.ActiveCfg = Debug|x64
		{8FFC936B-480C-4A09-BD7E-8800C2A57768}.Debug|x64.Build.0 = Debug|x64
		{8FFC936B-480C-4A09-BD7E-8800C2A57768}.Debug|x86.ActiveCfg = Debug|Win32
		{8FFC936B-480C-4A09-BD7E-8800C2A57768}.Debug|x86.Build.0 = Debug|Win32
		{8FFC936B-480C-4A09-BD7E-8800C2A57768}.Final|x64.ActiveCfg = Final|x64
		{8FFC936B-480C-4A09-BD7E-8800C2A57768}.Final|x64.Build.0 = Final|x64
		{8FFC936B-480C-4A09-BD7E-8800C2A57768}.Final|x86.ActiveCfg = Final|Win32
		{8FFC936B-480C-4A09-BD7E-8800C2A57768}.Final|x86.Build.0 = Final|Win32
		{8FFC936B-480C-4A09-BD7E-8800C2A57768}.Release|x64.ActiveCfg = Release|x64
		{8FFC936B-480C-4A09-BD7E-8800C2A57768}.Release|x64.Build.0 = Release|x64
		{8FFC936B-480C-4A09-BD7E-8800C2A57768}.Release|x86.ActiveCfg = Release|Win32
		{8FFC936B-480C-4A09-BD7E-8800C2A57768}.Release|x86.Build.0 = Release|Win32
		{8FFC936B-480C-4A09-BD7E-8800C2A57768}.Release32bit|x64.ActiveCfg = Release|x64
		{8FFC936B-480C-4A09-BD7E-8800C2A57768}.Release32bit|x64.Build.0 = Release|x64
		{8FFC936B-480C-4A09-BD7E-8800C2A57768}.Release32bit|x86.ActiveCfg = Release|Win32
		{8FFC936B-480C-4A09-BD7E-8800C2A57768}.Release32bit|x86.Build.0 = Release|Win32
		{8FFC936B-480C-4A09-BD7E-8800C2A57768}.Release64bit|x64.ActiveCfg = Release|x64
		{8FFC936B-480C-4A09-BD7E-8800C2A57768}.Release64bit|x64.Build.0 = Release|x64
		{8FFC936B-480C-4A09-BD7E-8800C2A57768}.Release64bit|x86.ActiveCfg = Release|Win32
		{8FFC936B-480C-4A09-BD7E-8800C2A57768}.Release64bit|x86.Build.0 = Release|Win32
		{A7CB96E1-C24C-4FD7-B269-475E3C5C1334}.Debug|x64.ActiveCfg = Debug|x64
		{A7CB96E1-C24C-4FD7-B269-475E3C5C1334}.Debug|x64.Build.0 = Debug|x64
		{A7CB96E1-C24C-4FD7-B269-475E3C5C1334}.Debug|x86.ActiveCfg = Debug|Win32
		{A7CB96E1-C24C-4FD7-B269-475E3C5C1334}.Debug|x86.Build.0 = Debug|Win32
		{A7CB96E1-C24C-4FD7-B269-475E3C5C1334}.Final|x64.ActiveCfg = Final|x64
		{A7CB96E1-C24C-4FD7-B269-475E3C5C1334}.Final|x64.Build.0 = Final|x64
		{A7CB96E1-C24C-4FD7-B269-475E3C5C1334}.Final|x86.ActiveCfg = Final|Win32
		{A7CB96E1-C24C-4FD7-B269-475E3C5C1334}.Final|x86.Build.0 = Final|Win32
		{A7CB96E1-C24C-4FD7-B269-475E3C5C1334}.Release|x64.ActiveCfg = Release|x64
		{A7CB96E1-C24C-4FD7-B269-475E3C5C1334}.Release|x64.Build.0 = Release|x64
		{A7CB96E1-C24C-4FD7-B269-475E3C5C1334}.Release|x86.ActiveCfg = Release|Win32
		{A7CB96E1-C24C-4FD7-B269-475E3C5C1334}.Release|x86.Build.0 = Release|Win32
		{A7CB96E1-C24C-4FD7-B269-475E3C5C1334}.Release32bit|x64.ActiveCfg = Release32bit|x64
		{A7CB96E1-C24C-4FD7-B269-475E3C5C1334}.Release32bit|x64.Build.0 = Release32bit|x64
		{A7CB96E1-C24C-4FD7-B269-475E3C5C1334}.Release32bit|x86.ActiveCfg = Release32bit|Win32
		{A7CB96E1-C24C-4FD7-B269-475E3C5C1334}.Release32bit|x86.Build.0 = Release32bit|Win32
		{A7CB96E1-C24C-4FD7-B269-475E3C5C1334}.Release64bit|x64.ActiveCfg = Release64bit|x64
		{A7CB96E1-C24C-4FD7-B269-475E3C5C1334}.Release64bit|x64.Build.0 = Release64bit|x64
		{A7CB96E1-C24C-4FD7-B269-475E3C5C1334}.Release64bit|x86.ActiveCfg = Release64bit|Win32
		{A7CB96E1-C24C-4FD7-B269-475E3C5C1334}.Release64bit|x86.Build.0 = Release64bit|Win32
		{1E5BAA45-470F-4071-B6A7-AF82EB318AA5}.Debug|x64.ActiveCfg = Debug|x64
		{1E5BAA45-470F-4071-B6A7-AF82EB318AA5}.Debug|x64.Build.0 = Debug|x64
		{1E5BAA45-470F-4071-B6A7-AF82EB318AA5}.Debug|x86.ActiveCfg = Debug|Win32
		{1E5BAA45-470F-4071-B6A7-AF82EB318AA5}.Debug|x86.Build.0 = Debug|Win32
		{1E5BAA45-470F-4071-B6A7-AF82EB318AA5}.Final|x64.ActiveCfg = Final|x64
		{1E5BAA45-470F-4071-B6A7-AF82EB318AA5}.Final|x64.Build.0 = Final|x64
		{1E5BAA45-470F-4071-B6A7-AF82EB318AA5}.Final|x86.ActiveCfg = Final|Win32
		{1E5BAA45-470F-4071-B6A7-AF82EB318AA5}.Final|x86.Build.0 = Final|Win32
		{1E5BAA45-470F-4071-B6A7-AF82EB318AA5}.Release|x64.ActiveCfg = Release|x64
		{1E5BAA45-470F-4071-B6A7-AF82EB318AA5}.Release|x64.Build.0 = Release|x64
		{1E5BAA45-470F-4071-B6A7-AF82EB318AA5}.Release|x86.ActiveCfg = Release|Win32
		{1E5BAA45-470F-4071-B6A7-AF82EB318AA5}.Release|x86.Build.0 = Release|Win32
		{1E5BAA45-470F-4071-B6A7-AF82EB318AA5}.Release32bit|x64.ActiveCfg = Release32bit|x64
		{1E5BAA45-470F-4071-B6A7-AF82EB318AA5}.Release32bit|x64.Build.0 = Release32bit|x64
		{1E5BAA45-470F-4071-B6A7-AF82EB318AA5}.Release32bit|x86.ActiveCfg = Release32bit|Win32
		{1E5BAA45-470F-4071-B6A7-AF82EB318AA5}.Release32bit|x86.Build.0 = Release32bit|Win32
		{1E5BAA45-470F-4071-B6A7-AF82EB318AA5}.Release64bit|x64.ActiveCfg = Release64bit|x64
		{1E5BAA45-470F-4071-B6A7-AF82EB318AA5}.Release64bit|x64.Build.0 = Release64bit|x64
		{1E5BAA45-470F-4071-B6A7-AF82EB318AA5}.Release64bit|x86.ActiveCfg = Release64bit|Win32
		{1E5BAA45-470F-4071-B6A7-AF82EB318AA5}.Release64bit|x86.Build.0 = Release64bit|Win32
		{621082ED-271B-471F-A0E9-09BBBE842A4C}.Debug|x64.ActiveCfg = Debug|x64
		{621082ED-271B-471F-A0E9-09BBBE842A4C}.Debug|x64.Build.0 = Debug|x64
		{621082ED-271B-471F-A0E9-09BBBE842A4C}.Debug|x86.ActiveCfg = Debug|Win32
		{621082ED-271B-471F-A0E9-09BBBE842A4C}.Debug|x86.Build.0 = Debug|Win32
		{621082ED-271B-471F-A0E9-09BBBE842A4C}.Final|x64.ActiveCfg = Final|x64
		{621082ED-271B-471F-A0E9-09BBBE842A4C}.Final|x64.Build.0 = Final|x64
		{621082ED-271B-471F-A0E9-09BBBE842A4C}.Final|x86.ActiveCfg = Final|Win32
		{621082ED-271B-471F-A0E9-09BBBE842A4C}.Final|x86.Build.0 = Final|Win32
		{621082ED-271B-471F-A0E9-09BBBE842A4C}.Release|x64.ActiveCfg = Release|x64
		{621082ED-271B-471F-A0E9-09BBBE842A4C}.Release|x64.Build.0 = Release|x64
		{621082ED-271B-471F-A0E9-09BBBE842A4C}.Release|x86.ActiveCfg = Release|Win32
		{621082ED-271B-471F-A0E9-09BBBE842A4C}.Release|x86.Build.0 = Release|Win32
		{621082ED-271B-471F-A0E9-09BBBE842A4C}.Release32bit|x64.ActiveCfg = Release|x64
		{621082ED-271B-471F-A0E9-09BBBE842A4C}.Release32bit|x64.Build.0 = Release|x64
		{621082ED-271B-471F-A0E9-09BBBE842A4C}.Release32bit|x86.ActiveCfg = Release|Win32
		{621082ED-271B-471F-A0E9-09BBBE842A4C}.Release32bit|x86.Build.0 = Release|Win32
		{621082ED-271B-471F-A0E9-09BBBE842A4C}.Release64bit|x64.ActiveCfg = Release|x64
		{621082ED-271B-471F-A0E9-09BBBE842A4C}.Release64bit|x64.Build.0 = Release|x64
		{621082ED-271B-471F-A0E9-09BBBE842A4C}.Release64bit|x86.ActiveCfg = Release|Win32
		{621082ED-271B-471F-A0E9-09BBBE842A4C}.Release64bit|x86.Build.0 = Release|Win32
		{390A3E3D-C604-4F0E-AC37-B43EABAD49DB}.Debug|x64.ActiveCfg = Debug|x64
		{390A3E3D-C604-4F0E-AC37-B43EABAD49DB}.Debug|x64.Build.0 = Debug|x64
		{390A3E3D-C604-4F0E-AC37-B43EABAD49DB}.Debug|x86.ActiveCfg = Debug|Win32
		{390A3E3D-C604-4F0E-AC37-B43EABAD49DB}.Debug|x86.Build.0 = Debug|Win32
		{390A3E3D-C604-4F0E-AC37-B43EABAD49DB}.Final|x64.ActiveCfg = Final|x64
		{390A3E3D-C604-4F0E-AC37-B43EABAD49DB}.Final|x64.Build.0 = Final|x64
		{390A3E3D-C604-4F0E-AC37-B43EABAD49DB}.Final|x86.ActiveCfg = Final|Win32
		{390A3E3D-C604-4F0E-AC37-B43EABAD49DB}.Final|x86.Build.0 = Final|Win32
		{390A3E3D-C604-4F0E-AC37-B43EABAD49DB}.Release|x64.ActiveCfg = Release|x64
		{390A3E3D-C604-4F0E-AC37-B43EABAD49DB}.Release|x64.Build.0 = Release|x64
		{390A3E3D-C604-4F0E-AC37-B43EABAD49DB}.Release|x86.ActiveCfg = Release|Win32
		{390A3E3D-C604-4F0E-AC37-B43EABAD49DB}.Release|x86.Build.0 = Release|Win32
		{390A3E3D-C604-4F0E-AC37-B43EABAD49DB}.Release32bit|x64.ActiveCfg = Release|x64
		{390A3E3D-C604-4F0E-AC37-B43EABAD49DB}.Release32bit|x64.Build.0 = Release|x64
		{390A3E3D-C604-4F0E-AC37-B43EABAD49DB}.Release32bit|x86.ActiveCfg = Release|Win32
		{390A3E3D-C604-4F0E-AC37-B43EABAD49DB}.Release32bit|x86.Build.0 = Release|Win32
		{390A3E3D-C604-4F0E-AC37-B43EABAD49DB}.Release64bit|x64.ActiveCfg = Release|x64
		{390A3E3D-C604-4F0E-AC37-B43EABAD49DB}.Release64bit|x64.Build.0 = Release|x64
		{390A3E3D-C604-4F0E-AC37-B43EABAD49DB}.Release64bit|x86.ActiveCfg = Release|Win32
		{390A3E3D-C604-4F0E-AC37-B43EABAD49DB}.Release64bit|x86.Build.0 = Release|Win32
		{E2B7A112-A490-4669-959F-688EA7E33101}.Debug|x64.ActiveCfg = Debug|x64
		{E2B7A112-A490-4669-959F-688EA7E33101}.Debug|x64.Build.0 = Debug|x64
		{E2B7A112-A490-4669-959F-688EA7E33101}.Debug|x86.ActiveCfg = Debug|Win32
		{E2B7A112-A490-4669-959F-688EA7E33101}.Debug|x86.Build.0 = Debug|Win32
		{E2B7A112-A490-4669-959F-688EA7E33101}.Final|x64.ActiveCfg = Final|x64
		{E2B7A112-A490-4669-959F-688EA7E33101}.Final|x64.Build.0 = Final|x64
		{E2B7A112-A490-4669-959F-688EA7E33101}.Final|x86.ActiveCfg = Final|Win32
		{E2B7A112-A490-4669-959F-688EA7E33101}.Final|x86.Build.0 = Final|Win32
		{E2B7A112-A490-4669-959F-688EA7E33101}.Release|x64.ActiveCfg = Release|x64
		{E2B7A112-A490-4669-959F-688EA7E33101}.Release|x64.Build.0 = Release|x64
		{E2B7A112-A490-4669-959F-688EA7E33101}.Release|x86.ActiveCfg = Release|Win32
		{E2B7A112-A490-4669-959F-688EA7E33101}.Release|x86.Build.0 = Release|Win32
		{E2B7A112-A490-4669-959F-688EA7E33101}.Release32bit|x64.ActiveCfg = Release32bit|x64
		{E2B7A112-A490-4669-959F-688EA7E33101}.Release32bit|x64.Build.0 = Release32bit|x64
		{E2B7A112-A490-4669-959F-688EA7E33101}.Release32bit|x86.ActiveCfg = Release32bit|Win32
		{E2B7A112-A490-4669-959F-688EA7E33101}.Release32bit|x86.Build.0 = Release32bit|Win32
		{E2B7A112-A490-4669-959F-688EA7E33101}.Release64bit|x64.ActiveCfg = Release64bit|x64
		{E2B7A112-A490-4669-959F-688EA7E33101}.Release64bit|x64.Build.0 = Release64bit|x64
		{E2B7A112-A490-4669-959F-688EA7E33101}.Release64bit|x86.ActiveCfg = Release64bit|Win32
		{E2B7A112-A490-4669-959F-688EA7E33101}.Release64bit|x86.Build.0 = Release64bit|Win32
		{E48CB7D5-7944-4780-85EF-3398B2FBB7D2}.Debug|x64.ActiveCfg = Debug|x64
		{E48CB7D5-7944-4780-85EF-3398B2FBB7D2}.Debug|x64.Build.0 = Debug|x64
		{E48CB7D5-7944-4780-85EF-3398B2FBB7D2}.Debug|x86.ActiveCfg = Debug|Win32
		{E48CB7D5-7944-4780-85EF-3398B2FBB7D2}.Debug|x86.Build.0 = Debug|Win32
		{E48CB7D5-7944-4780-85EF-3398B2FBB7D2}.Final|x64.ActiveCfg = Final|x64
		{E48CB7D5-7944-4780-85EF-3398B2FBB7D2}.Final|x64.Build.0 = Final|x64
		{E48CB7D5-7944-4780-85EF-3398B2FBB7D2}.Final|x86.ActiveCfg = Final|Win32
		{E48CB7D5-7944-4780-85EF-3398B2FBB7D2}.Final|x86.Build.0 = Final|Win32
		{E48CB7D5-7944-4780-85EF-3398B2FBB7D2}.Release|x64.ActiveCfg = Release|x64
		{E48CB7D5-7944-4780-85EF-3398B2FBB7D2}.Release|x64.Build.0 = Release|x64
		{E48CB7D5-7944-4780-85EF-3398B2FBB7D2}.Release|x86.ActiveCfg = Release|Win32
		{E48CB7D5-7944-4780-85EF-3398B2FBB7D2}.Release|x86.Build.0 = Release|Win32
		{E48CB7D5-7944-4780-85EF-3398B2FBB7D2}.Release32bit|x64.ActiveCfg = Release32bit|x64
		{E48CB7D5-7944-4780-85EF-3398B2FBB7D2}.Release32bit|x64.Build.0 = Release32bit|x64
		{E48CB7D5-7944-4780-85EF-3398B2FBB7D2}.Release32bit|x86.ActiveCfg = Release32bit|Win32
		{E48CB7D5-7944-4780-85EF-3398B2FBB7D2}.Release32bit|x86.Build.0 = Release32bit|Win32
		{E48CB7D5-7944-4780-85EF-3398B2FBB7D2}.Release64bit|x64.ActiveCfg = Release64bit|x64
		{E48CB7D5-7944-4780-85EF-3398B2FBB7D2}.Release64bit|x64.Build.0 = Release64bit|x64
		{E48CB7D5-7944-4780-85EF-3398B2FBB7D2}.Release64bit|x86.ActiveCfg = Release64bit|Win32
		{E48CB7D5-7944-4780-85EF-3398B2FBB7D2}.Release64bit|x86.Build.0 = Release64bit|Win32
		{E0E89592-3E2D-4615-90FC-644DF3A5F4E9}.Debug|x64.ActiveCfg = Debug|x64
		{E0E89592-3E2D-4615-90FC-644DF3A5F4E9}.Debug|x64.Build.0 = Debug|x64
		{E0E89592-3E2D-4615-90FC-644DF3A5F4E9}.Debug|x86.ActiveCfg = Debug|Win32
		{E0E89592-3E2D-4615-90FC-644DF3A5F4E9}.Debug|x86.Build.0 = Debug|Win32
		{E0E89592-3E2D-4615-90FC-644DF3A5F4E9}.Final|x64.ActiveCfg = Final|x64
		{E0E89592-3E2D-4615-90FC-644DF3A5F4E9}.Final|x64.Build.0 = Final|x64
		{E0E89592-3E2D-4615-90FC-644DF3A5F4E9}.Final|x86.ActiveCfg = Final|Win32
		{E0E89592-3E2D-4615-90FC-644DF3A5F4E9}.Final|x86.Build.0 = Final|Win32
		{E0E89592-3E2D-4615-90FC-644DF3A5F4E9}.Release|x64.ActiveCfg = Release|x64
		{E0E89592-3E2D-4615-90FC-644DF3A5F4E9}.Release|x64.Build.0 = Release|x64
		{E0E89592-3E2D-4615-90FC-644DF3A5F4E9}.Release|x86.ActiveCfg = Release|Win32
		{E0E89592-3E2D-4615-90FC-644DF3A5F4E9}.Release|x86.Build.0 = Release|Win32
		{E0E89592-3E2D-4615-90FC-644DF3A5F4E9}.Release32bit|x64.ActiveCfg = Release|x64
		{E0E89592-3E2D-4615-90FC-644DF3A5F4E9}.Release32bit|x64.Build.0 = Release|x64
		{E0E89592-3E2D-4615-90FC-644DF3A5F4E9}.Release32bit|x86.ActiveCfg = Release|Win32
		{E0E89592-3E2D-4615-90FC-644DF3A5F4E9}.Release32bit|x86.Build.0 = Release|Win32
		{E0E89592-3E2D-4615-90FC-644DF3A5F4E9}.Release64bit|x64.ActiveCfg = Release|x64
		{E0E89592-3E2D-4615-90FC-644DF3A5F4E9}.Release64bit|x64.Build.0 = Release|x64
		{E0E89592-3E2D-4615-90FC-644DF3A5F4E9}.Release64bit|x86.ActiveCfg = Release|Win32
		{E0E89592-3E2D-4615-90FC-644DF3A5F4E9}.Release64bit|x86.Build.0 = Release|Win32
		{CD6F7FDD-7379-4CF1-9E92-1BD234FD210F}.Debug|x64.ActiveCfg = Debug|x64
		{CD6F7FDD-7379-4CF1-9E92-1BD234FD210F}.Debug|x64.Build.0 = Debug|x64
		{CD6F7FDD-7379-4CF1-9E92-1BD234FD210F}.Debug|x86.ActiveCfg = Debug|Win32
		{CD6F7FDD-7379-4CF1-9E92-1BD234FD210F}.Debug|x86.Build.0 = Debug|Win32
		{CD6F7FDD-7379-4CF1-9E92-1BD234FD210F}.Final|x64.ActiveCfg = Final|x64
		{CD6F7FDD-7379-4CF1-9E92-1BD234FD210F}.Final|x64.Build.0 = Final|x64
		{CD6F7FDD-7379-4CF1-9E92-1BD234FD210F}.Final|x86.ActiveCfg = Final|Win32
		{CD6F7FDD-7379-4CF1-9E92-1BD234FD210F}.Final|x86.Build.0 = Final|Win32
		{CD6F7FDD-7379-4CF1-9E92-1BD234FD210F}.Release|x64.ActiveCfg = Release|x64
		{CD6F7FDD-7379-4CF1-9E92-1BD234FD210F}.Release|x64.Build.0 = Release|x64
		{CD6F7FDD-7379-4CF1-9E92-1BD234FD210F}.Release|x86.ActiveCfg = Release|Win32
		{CD6F7FDD-7379-4CF1-9E92-1BD234FD210F}.Release|x86.Build.0 = Release|Win32
		{CD6F7FDD-7379-4CF1-9E92-1BD234FD210F}.Release32bit|x64.ActiveCfg = Release32bit|x64
		{CD6F7FDD-7379-4CF1-9E92-1BD234FD210F}.Release32bit|x64.Build.0 = Release32bit|x64
		{CD6F7FDD-7379-4CF1-9E92-1BD234FD210F}.Release32bit|x86.ActiveCfg = Release32bit|Win32
		{CD6F7FDD-7379-4CF1-9E92-1BD234FD210F}.Release32bit|x86.Build.0 = Release32bit|Win32
		{CD6F7FDD-7379-4CF1-9E92-1BD234FD210F}.Release64bit|x64.ActiveCfg = Release64bit|x64
		{CD6F7FDD-7379-4CF1-9E92-1BD234FD210F}.Release64bit|x64.Build.0 = Release64bit|x64
		{CD6F7FDD-7379-4CF1-9E92-1BD234FD210F}.Release64bit|x86.ActiveCfg = Release64bit|Win32
		{CD6F7FDD-7379-4CF1-9E92-1BD234FD210F}.Release64bit|x86.Build.0 = Release64bit|Win32
	EndGlobalSection
	GlobalSection(SolutionProperties) = preSolution
		HideSolutionNode = FALSE
	EndGlobalSection
	GlobalSection(ExtensibilityGlobals) = postSolution
		SolutionGuid = {A1F8CEE7-5335-4802-AB47-D16E2E974FC0}
	EndGlobalSection
EndGlobal
